
Microsoft Visual Studio Solution File, Format Version 12.00
# Visual Studio Version 16
VisualStudioVersion = 16.0.30204.135
MinimumVisualStudioVersion = 10.0.40219.1
Project("{9A19103F-16F7-4668-BE54-9A1E7A4F7556}") = "PushToQueue", "PushToQueue\PushToQueue.csproj", "{BE5ED81B-33F2-494E-83ED-7DF44A41E7DD}"
EndProject
Global
	GlobalSection(SolutionConfigurationPlatforms) = preSolution
		Debug|Any CPU = Debug|Any CPU
		Release|Any CPU = Release|Any CPU
	EndGlobalSection
	GlobalSection(ProjectConfigurationPlatforms) = postSolution
		{BE5ED81B-33F2-494E-83ED-7DF44A41E7DD}.Debug|Any CPU.ActiveCfg = Debug|Any CPU
		{BE5ED81B-33F2-494E-83ED-7DF44A41E7DD}.Debug|Any CPU.Build.0 = Debug|Any CPU
		{BE5ED81B-33F2-494E-83ED-7DF44A41E7DD}.Release|Any CPU.ActiveCfg = Release|Any CPU
		{BE5ED81B-33F2-494E-83ED-7DF44A41E7DD}.Release|Any CPU.Build.0 = Release|Any CPU
	EndGlobalSection
	GlobalSection(SolutionProperties) = preSolution
		HideSolutionNode = FALSE
	EndGlobalSection
	GlobalSection(ExtensibilityGlobals) = postSolution
		SolutionGuid = {5B9E08EF-E950-498F-A7DC-333CF8B9F14E}
	EndGlobalSection
EndGlobal
